
Microsoft Visual Studio Solution File, Format Version 12.00
# Visual Studio Version 16
VisualStudioVersion = 16.0.31727.386
MinimumVisualStudioVersion = 10.0.40219.1
Project("{FAE04EC0-301F-11D3-BF4B-00C04F79EFBC}") = "NUOVO", "NUOVO\NUOVO.csproj", "{E0D48EEA-DC0A-4FC4-9141-1684B084C6AB}"
EndProject
Global
	GlobalSection(SolutionConfigurationPlatforms) = preSolution
		Debug|Any CPU = Debug|Any CPU
		Release|Any CPU = Release|Any CPU
	EndGlobalSection
	GlobalSection(ProjectConfigurationPlatforms) = postSolution
		{E0D48EEA-DC0A-4FC4-9141-1684B084C6AB}.Debug|Any CPU.ActiveCfg = Debug|Any CPU
		{E0D48EEA-DC0A-4FC4-9141-1684B084C6AB}.Debug|Any CPU.Build.0 = Debug|Any CPU
		{E0D48EEA-DC0A-4FC4-9141-1684B084C6AB}.Release|Any CPU.ActiveCfg = Release|Any CPU
		{E0D48EEA-DC0A-4FC4-9141-1684B084C6AB}.Release|Any CPU.Build.0 = Release|Any CPU
	EndGlobalSection
	GlobalSection(SolutionProperties) = preSolution
		HideSolutionNode = FALSE
	EndGlobalSection
	GlobalSection(ExtensibilityGlobals) = postSolution
		SolutionGuid = {A19CD3C0-052D-4AE7-9B75-3358AFAED7BE}
	EndGlobalSection
EndGlobal
